
Microsoft Visual Studio Solution File, Format Version 12.00
# Visual Studio Version 17
VisualStudioVersion = 17.9.34622.214
MinimumVisualStudioVersion = 10.0.40219.1
Project("{FAE04EC0-301F-11D3-BF4B-00C04F79EFBC}") = "FoorOrderingViaTeams", "FoorOrderingViaTeams.csproj", "{A4D63259-C5C1-456C-A666-2CCC67117E5D}"
EndProject
Global
	GlobalSection(SolutionConfigurationPlatforms) = preSolution
		Debug|Any CPU = Debug|Any CPU
		Release|Any CPU = Release|Any CPU
	EndGlobalSection
	GlobalSection(ProjectConfigurationPlatforms) = postSolution
		{A4D63259-C5C1-456C-A666-2CCC67117E5D}.Debug|Any CPU.ActiveCfg = Debug|Any CPU
		{A4D63259-C5C1-456C-A666-2CCC67117E5D}.Debug|Any CPU.Build.0 = Debug|Any CPU
		{A4D63259-C5C1-456C-A666-2CCC67117E5D}.Release|Any CPU.ActiveCfg = Release|Any CPU
		{A4D63259-C5C1-456C-A666-2CCC67117E5D}.Release|Any CPU.Build.0 = Release|Any CPU
	EndGlobalSection
	GlobalSection(SolutionProperties) = preSolution
		HideSolutionNode = FALSE
	EndGlobalSection
	GlobalSection(ExtensibilityGlobals) = postSolution
		SolutionGuid = {FB016605-5E44-4194-BD6A-1F2AFC57FDBA}
	EndGlobalSection
EndGlobal
